{
  "version": 4,
  "terraform_version": "1.13.0",
  "serial": 1,
  "lineage": "fc661fdd-e5e2-c9ea-4b2a-2df9de992f6e",
  "outputs": {},
  "resources": [
    {
      "mode": "managed",
      "type": "cloudflare_record",
      "name": "audify_app",
      "provider": "provider[\"registry.terraform.io/cloudflare/cloudflare\"]",
      "instances": [
        {
          "schema_version": 3,
          "attributes": {
            "allow_overwrite": false,
            "comment": "Managed by Terraform: Points to Hetzner VPS",
            "content": null,
            "created_on": "2026-01-07T00:13:57.88577Z",
            "data": [],
            "hostname": "audify.jrcodex.dev",
            "id": "13d0d7061352a243fd0f499d2829ee40",
            "metadata": {},
            "modified_on": "2026-01-07T00:13:57.88577Z",
            "name": "audify",
            "priority": null,
            "proxiable": true,
            "proxied": true,
            "tags": null,
            "timeouts": null,
            "ttl": 1,
            "type": "A",
            "value": "178.156.182.3",
            "zone_id": "eb3ea45d1bed705d658924bae5b259bc"
          },
          "sensitive_attributes": [],
          "identity_schema_version": 0,
          "private": "eyJlMmJmYjczMC1lY2FhLTExZTYtOGY4OC0zNDM2M2JjN2M0YzAiOnsiY3JlYXRlIjozMDAwMDAwMDAwMCwidXBkYXRlIjozMDAwMDAwMDAwMH0sInNjaGVtYV92ZXJzaW9uIjoiMyJ9"
        }
      ]
    }
  ],
  "check_results": null
}
